
Microsoft Visual Studio Solution File, Format Version 12.00
# Visual Studio 15
VisualStudioVersion = 15.0.27004.2005
MinimumVisualStudioVersion = 10.0.40219.1
Project("{FAE04EC0-301F-11D3-BF4B-00C04F79EFBC}") = "JourneySorterAssembly", "TripSorter\JourneySorterAssembly.csproj", "{EB759F3E-457A-433C-AE8A-72E3EE2BEFD3}"
EndProject
Project("{FAE04EC0-301F-11D3-BF4B-00C04F79EFBC}") = "TripSorterTest", "TripSorterTest\TripSorterTest.csproj", "{FD360C3A-EFE4-4885-B901-4EC3ACAD2786}"
EndProject
Project("{FAE04EC0-301F-11D3-BF4B-00C04F79EFBC}") = "TripSorterAPI_AzureMobileService", "TripSorterAPI\TripSorterAPI_AzureMobileService.csproj", "{2F0EFB15-C175-49A4-AEDE-588B742F4453}"
EndProject
Project("{FAE04EC0-301F-11D3-BF4B-00C04F79EFBC}") = "TripSorterClient_Web", "TripSorterClient_Web\TripSorterClient_Web.csproj", "{ACAF347C-6B88-4A40-8965-E0C7439C28AC}"
EndProject
Project("{2150E333-8FDC-42A3-9474-1A3956D46DE8}") = "Front-end", "Front-end", "{D6281E71-B85A-4736-BA79-EF4509DD2133}"
EndProject
Project("{2150E333-8FDC-42A3-9474-1A3956D46DE8}") = "Back-end", "Back-end", "{BE1B585F-9E9F-438C-B26E-F522E89332F7}"
EndProject
Project("{2150E333-8FDC-42A3-9474-1A3956D46DE8}") = "WebApp", "WebApp", "{60187703-3FF7-42CC-AF02-9287F6363F71}"
EndProject
Project("{2150E333-8FDC-42A3-9474-1A3956D46DE8}") = "ConsoleApp", "ConsoleApp", "{E38A7F79-6428-4DEA-B21F-22F795D9D34E}"
EndProject
Project("{2150E333-8FDC-42A3-9474-1A3956D46DE8}") = "XamarinMobileApp", "XamarinMobileApp", "{EF339CD2-7922-424E-B5EF-48E4B15A8C62}"
EndProject
Project("{FAE04EC0-301F-11D3-BF4B-00C04F79EFBC}") = "TripSorterXamarin.Android", "TripSorterXamarin\TripSorterXamarin.Android\TripSorterXamarin.Android.csproj", "{6AA5B713-A97B-4694-99BB-2A1C15681822}"
EndProject
Project("{FAE04EC0-301F-11D3-BF4B-00C04F79EFBC}") = "TripSorterXamarin", "TripSorterXamarin\TripSorterXamarin\TripSorterXamarin.csproj", "{1228DCD4-BDB4-46C1-9E96-4AC936187650}"
EndProject
Project("{FAE04EC0-301F-11D3-BF4B-00C04F79EFBC}") = "TripSorterXamarin.UWP", "TripSorterXamarin\TripSorterXamarin.UWP\TripSorterXamarin.UWP.csproj", "{C2B0D958-DAEF-4A07-9220-D02B88271FCE}"
EndProject
Project("{FAE04EC0-301F-11D3-BF4B-00C04F79EFBC}") = "TripSorterXamarin.iOS", "TripSorterXamarin\TripSorterXamarin.iOS\TripSorterXamarin.iOS.csproj", "{F00F5B8A-3837-4336-9AEA-3A1A66A501C4}"
EndProject
Global
	GlobalSection(SolutionConfigurationPlatforms) = preSolution
		Ad-Hoc|Any CPU = Ad-Hoc|Any CPU
		Ad-Hoc|ARM = Ad-Hoc|ARM
		Ad-Hoc|iPhone = Ad-Hoc|iPhone
		Ad-Hoc|iPhoneSimulator = Ad-Hoc|iPhoneSimulator
		Ad-Hoc|x64 = Ad-Hoc|x64
		Ad-Hoc|x86 = Ad-Hoc|x86
		AppStore|Any CPU = AppStore|Any CPU
		AppStore|ARM = AppStore|ARM
		AppStore|iPhone = AppStore|iPhone
		AppStore|iPhoneSimulator = AppStore|iPhoneSimulator
		AppStore|x64 = AppStore|x64
		AppStore|x86 = AppStore|x86
		Debug|Any CPU = Debug|Any CPU
		Debug|ARM = Debug|ARM
		Debug|iPhone = Debug|iPhone
		Debug|iPhoneSimulator = Debug|iPhoneSimulator
		Debug|x64 = Debug|x64
		Debug|x86 = Debug|x86
		Release|Any CPU = Release|Any CPU
		Release|ARM = Release|ARM
		Release|iPhone = Release|iPhone
		Release|iPhoneSimulator = Release|iPhoneSimulator
		Release|x64 = Release|x64
		Release|x86 = Release|x86
	EndGlobalSection
	GlobalSection(ProjectConfigurationPlatforms) = postSolution
		{EB759F3E-457A-433C-AE8A-72E3EE2BEFD3}.Ad-Hoc|Any CPU.ActiveCfg = Release|Any CPU
		{EB759F3E-457A-433C-AE8A-72E3EE2BEFD3}.Ad-Hoc|Any CPU.Build.0 = Release|Any CPU
		{EB759F3E-457A-433C-AE8A-72E3EE2BEFD3}.Ad-Hoc|ARM.ActiveCfg = Release|Any CPU
		{EB759F3E-457A-433C-AE8A-72E3EE2BEFD3}.Ad-Hoc|ARM.Build.0 = Release|Any CPU
		{EB759F3E-457A-433C-AE8A-72E3EE2BEFD3}.Ad-Hoc|iPhone.ActiveCfg = Release|Any CPU
		{EB759F3E-457A-433C-AE8A-72E3EE2BEFD3}.Ad-Hoc|iPhone.Build.0 = Release|Any CPU
		{EB759F3E-457A-433C-AE8A-72E3EE2BEFD3}.Ad-Hoc|iPhoneSimulator.ActiveCfg = Release|Any CPU
		{EB759F3E-457A-433C-AE8A-72E3EE2BEFD3}.Ad-Hoc|iPhoneSimulator.Build.0 = Release|Any CPU
		{EB759F3E-457A-433C-AE8A-72E3EE2BEFD3}.Ad-Hoc|x64.ActiveCfg = Release|Any CPU
		{EB759F3E-457A-433C-AE8A-72E3EE2BEFD3}.Ad-Hoc|x64.Build.0 = Release|Any CPU
		{EB759F3E-457A-433C-AE8A-72E3EE2BEFD3}.Ad-Hoc|x86.ActiveCfg = Release|Any CPU
		{EB759F3E-457A-433C-AE8A-72E3EE2BEFD3}.Ad-Hoc|x86.Build.0 = Release|Any CPU
		{EB759F3E-457A-433C-AE8A-72E3EE2BEFD3}.AppStore|Any CPU.ActiveCfg = Release|Any CPU
		{EB759F3E-457A-433C-AE8A-72E3EE2BEFD3}.AppStore|Any CPU.Build.0 = Release|Any CPU
		{EB759F3E-457A-433C-AE8A-72E3EE2BEFD3}.AppStore|ARM.ActiveCfg = Release|Any CPU
		{EB759F3E-457A-433C-AE8A-72E3EE2BEFD3}.AppStore|ARM.Build.0 = Release|Any CPU
		{EB759F3E-457A-433C-AE8A-72E3EE2BEFD3}.AppStore|iPhone.ActiveCfg = Release|Any CPU
		{EB759F3E-457A-433C-AE8A-72E3EE2BEFD3}.AppStore|iPhone.Build.0 = Release|Any CPU
		{EB759F3E-457A-433C-AE8A-72E3EE2BEFD3}.AppStore|iPhoneSimulator.ActiveCfg = Release|Any CPU
		{EB759F3E-457A-433C-AE8A-72E3EE2BEFD3}.AppStore|iPhoneSimulator.Build.0 = Release|Any CPU
		{EB759F3E-457A-433C-AE8A-72E3EE2BEFD3}.AppStore|x64.ActiveCfg = Release|Any CPU
		{EB759F3E-457A-433C-AE8A-72E3EE2BEFD3}.AppStore|x64.Build.0 = Release|Any CPU
		{EB759F3E-457A-433C-AE8A-72E3EE2BEFD3}.AppStore|x86.ActiveCfg = Release|Any CPU
		{EB759F3E-457A-433C-AE8A-72E3EE2BEFD3}.AppStore|x86.Build.0 = Release|Any CPU
		{EB759F3E-457A-433C-AE8A-72E3EE2BEFD3}.Debug|Any CPU.ActiveCfg = Debug|Any CPU
		{EB759F3E-457A-433C-AE8A-72E3EE2BEFD3}.Debug|Any CPU.Build.0 = Debug|Any CPU
		{EB759F3E-457A-433C-AE8A-72E3EE2BEFD3}.Debug|ARM.ActiveCfg = Debug|Any CPU
		{EB759F3E-457A-433C-AE8A-72E3EE2BEFD3}.Debug|ARM.Build.0 = Debug|Any CPU
		{EB759F3E-457A-433C-AE8A-72E3EE2BEFD3}.Debug|iPhone.ActiveCfg = Debug|Any CPU
		{EB759F3E-457A-433C-AE8A-72E3EE2BEFD3}.Debug|iPhone.Build.0 = Debug|Any CPU
		{EB759F3E-457A-433C-AE8A-72E3EE2BEFD3}.Debug|iPhoneSimulator.ActiveCfg = Debug|Any CPU
		{EB759F3E-457A-433C-AE8A-72E3EE2BEFD3}.Debug|iPhoneSimulator.Build.0 = Debug|Any CPU
		{EB759F3E-457A-433C-AE8A-72E3EE2BEFD3}.Debug|x64.ActiveCfg = Debug|Any CPU
		{EB759F3E-457A-433C-AE8A-72E3EE2BEFD3}.Debug|x64.Build.0 = Debug|Any CPU
		{EB759F3E-457A-433C-AE8A-72E3EE2BEFD3}.Debug|x86.ActiveCfg = Debug|Any CPU
		{EB759F3E-457A-433C-AE8A-72E3EE2BEFD3}.Debug|x86.Build.0 = Debug|Any CPU
		{EB759F3E-457A-433C-AE8A-72E3EE2BEFD3}.Release|Any CPU.ActiveCfg = Release|Any CPU
		{EB759F3E-457A-433C-AE8A-72E3EE2BEFD3}.Release|Any CPU.Build.0 = Release|Any CPU
		{EB759F3E-457A-433C-AE8A-72E3EE2BEFD3}.Release|ARM.ActiveCfg = Release|Any CPU
		{EB759F3E-457A-433C-AE8A-72E3EE2BEFD3}.Release|ARM.Build.0 = Release|Any CPU
		{EB759F3E-457A-433C-AE8A-72E3EE2BEFD3}.Release|iPhone.ActiveCfg = Release|Any CPU
		{EB759F3E-457A-433C-AE8A-72E3EE2BEFD3}.Release|iPhone.Build.0 = Release|Any CPU
		{EB759F3E-457A-433C-AE8A-72E3EE2BEFD3}.Release|iPhoneSimulator.ActiveCfg = Release|Any CPU
		{EB759F3E-457A-433C-AE8A-72E3EE2BEFD3}.Release|iPhoneSimulator.Build.0 = Release|Any CPU
		{EB759F3E-457A-433C-AE8A-72E3EE2BEFD3}.Release|x64.ActiveCfg = Release|Any CPU
		{EB759F3E-457A-433C-AE8A-72E3EE2BEFD3}.Release|x64.Build.0 = Release|Any CPU
		{EB759F3E-457A-433C-AE8A-72E3EE2BEFD3}.Release|x86.ActiveCfg = Release|Any CPU
		{EB759F3E-457A-433C-AE8A-72E3EE2BEFD3}.Release|x86.Build.0 = Release|Any CPU
		{FD360C3A-EFE4-4885-B901-4EC3ACAD2786}.Ad-Hoc|Any CPU.ActiveCfg = Release|Any CPU
		{FD360C3A-EFE4-4885-B901-4EC3ACAD2786}.Ad-Hoc|Any CPU.Build.0 = Release|Any CPU
		{FD360C3A-EFE4-4885-B901-4EC3ACAD2786}.Ad-Hoc|ARM.ActiveCfg = Release|Any CPU
		{FD360C3A-EFE4-4885-B901-4EC3ACAD2786}.Ad-Hoc|ARM.Build.0 = Release|Any CPU
		{FD360C3A-EFE4-4885-B901-4EC3ACAD2786}.Ad-Hoc|iPhone.ActiveCfg = Release|Any CPU
		{FD360C3A-EFE4-4885-B901-4EC3ACAD2786}.Ad-Hoc|iPhone.Build.0 = Release|Any CPU
		{FD360C3A-EFE4-4885-B901-4EC3ACAD2786}.Ad-Hoc|iPhoneSimulator.ActiveCfg = Release|Any CPU
		{FD360C3A-EFE4-4885-B901-4EC3ACAD2786}.Ad-Hoc|iPhoneSimulator.Build.0 = Release|Any CPU
		{FD360C3A-EFE4-4885-B901-4EC3ACAD2786}.Ad-Hoc|x64.ActiveCfg = Release|Any CPU
		{FD360C3A-EFE4-4885-B901-4EC3ACAD2786}.Ad-Hoc|x64.Build.0 = Release|Any CPU
		{FD360C3A-EFE4-4885-B901-4EC3ACAD2786}.Ad-Hoc|x86.ActiveCfg = Release|Any CPU
		{FD360C3A-EFE4-4885-B901-4EC3ACAD2786}.Ad-Hoc|x86.Build.0 = Release|Any CPU
		{FD360C3A-EFE4-4885-B901-4EC3ACAD2786}.AppStore|Any CPU.ActiveCfg = Release|Any CPU
		{FD360C3A-EFE4-4885-B901-4EC3ACAD2786}.AppStore|Any CPU.Build.0 = Release|Any CPU
		{FD360C3A-EFE4-4885-B901-4EC3ACAD2786}.AppStore|ARM.ActiveCfg = Release|Any CPU
		{FD360C3A-EFE4-4885-B901-4EC3ACAD2786}.AppStore|ARM.Build.0 = Release|Any CPU
		{FD360C3A-EFE4-4885-B901-4EC3ACAD2786}.AppStore|iPhone.ActiveCfg = Release|Any CPU
		{FD360C3A-EFE4-4885-B901-4EC3ACAD2786}.AppStore|iPhone.Build.0 = Release|Any CPU
		{FD360C3A-EFE4-4885-B901-4EC3ACAD2786}.AppStore|iPhoneSimulator.ActiveCfg = Release|Any CPU
		{FD360C3A-EFE4-4885-B901-4EC3ACAD2786}.AppStore|iPhoneSimulator.Build.0 = Release|Any CPU
		{FD360C3A-EFE4-4885-B901-4EC3ACAD2786}.AppStore|x64.ActiveCfg = Release|Any CPU
		{FD360C3A-EFE4-4885-B901-4EC3ACAD2786}.AppStore|x64.Build.0 = Release|Any CPU
		{FD360C3A-EFE4-4885-B901-4EC3ACAD2786}.AppStore|x86.ActiveCfg = Release|Any CPU
		{FD360C3A-EFE4-4885-B901-4EC3ACAD2786}.AppStore|x86.Build.0 = Release|Any CPU
		{FD360C3A-EFE4-4885-B901-4EC3ACAD2786}.Debug|Any CPU.ActiveCfg = Debug|Any CPU
		{FD360C3A-EFE4-4885-B901-4EC3ACAD2786}.Debug|Any CPU.Build.0 = Debug|Any CPU
		{FD360C3A-EFE4-4885-B901-4EC3ACAD2786}.Debug|ARM.ActiveCfg = Debug|Any CPU
		{FD360C3A-EFE4-4885-B901-4EC3ACAD2786}.Debug|ARM.Build.0 = Debug|Any CPU
		{FD360C3A-EFE4-4885-B901-4EC3ACAD2786}.Debug|iPhone.ActiveCfg = Debug|Any CPU
		{FD360C3A-EFE4-4885-B901-4EC3ACAD2786}.Debug|iPhone.Build.0 = Debug|Any CPU
		{FD360C3A-EFE4-4885-B901-4EC3ACAD2786}.Debug|iPhoneSimulator.ActiveCfg = Debug|Any CPU
		{FD360C3A-EFE4-4885-B901-4EC3ACAD2786}.Debug|iPhoneSimulator.Build.0 = Debug|Any CPU
		{FD360C3A-EFE4-4885-B901-4EC3ACAD2786}.Debug|x64.ActiveCfg = Debug|Any CPU
		{FD360C3A-EFE4-4885-B901-4EC3ACAD2786}.Debug|x64.Build.0 = Debug|Any CPU
		{FD360C3A-EFE4-4885-B901-4EC3ACAD2786}.Debug|x86.ActiveCfg = Debug|Any CPU
		{FD360C3A-EFE4-4885-B901-4EC3ACAD2786}.Debug|x86.Build.0 = Debug|Any CPU
		{FD360C3A-EFE4-4885-B901-4EC3ACAD2786}.Release|Any CPU.ActiveCfg = Release|Any CPU
		{FD360C3A-EFE4-4885-B901-4EC3ACAD2786}.Release|Any CPU.Build.0 = Release|Any CPU
		{FD360C3A-EFE4-4885-B901-4EC3ACAD2786}.Release|ARM.ActiveCfg = Release|Any CPU
		{FD360C3A-EFE4-4885-B901-4EC3ACAD2786}.Release|ARM.Build.0 = Release|Any CPU
		{FD360C3A-EFE4-4885-B901-4EC3ACAD2786}.Release|iPhone.ActiveCfg = Release|Any CPU
		{FD360C3A-EFE4-4885-B901-4EC3ACAD2786}.Release|iPhone.Build.0 = Release|Any CPU
		{FD360C3A-EFE4-4885-B901-4EC3ACAD2786}.Release|iPhoneSimulator.ActiveCfg = Release|Any CPU
		{FD360C3A-EFE4-4885-B901-4EC3ACAD2786}.Release|iPhoneSimulator.Build.0 = Release|Any CPU
		{FD360C3A-EFE4-4885-B901-4EC3ACAD2786}.Release|x64.ActiveCfg = Release|Any CPU
		{FD360C3A-EFE4-4885-B901-4EC3ACAD2786}.Release|x64.Build.0 = Release|Any CPU
		{FD360C3A-EFE4-4885-B901-4EC3ACAD2786}.Release|x86.ActiveCfg = Release|Any CPU
		{FD360C3A-EFE4-4885-B901-4EC3ACAD2786}.Release|x86.Build.0 = Release|Any CPU
		{2F0EFB15-C175-49A4-AEDE-588B742F4453}.Ad-Hoc|Any CPU.ActiveCfg = Release|Any CPU
		{2F0EFB15-C175-49A4-AEDE-588B742F4453}.Ad-Hoc|Any CPU.Build.0 = Release|Any CPU
		{2F0EFB15-C175-49A4-AEDE-588B742F4453}.Ad-Hoc|ARM.ActiveCfg = Release|Any CPU
		{2F0EFB15-C175-49A4-AEDE-588B742F4453}.Ad-Hoc|ARM.Build.0 = Release|Any CPU
		{2F0EFB15-C175-49A4-AEDE-588B742F4453}.Ad-Hoc|iPhone.ActiveCfg = Release|Any CPU
		{2F0EFB15-C175-49A4-AEDE-588B742F4453}.Ad-Hoc|iPhone.Build.0 = Release|Any CPU
		{2F0EFB15-C175-49A4-AEDE-588B742F4453}.Ad-Hoc|iPhoneSimulator.ActiveCfg = Release|Any CPU
		{2F0EFB15-C175-49A4-AEDE-588B742F4453}.Ad-Hoc|iPhoneSimulator.Build.0 = Release|Any CPU
		{2F0EFB15-C175-49A4-AEDE-588B742F4453}.Ad-Hoc|x64.ActiveCfg = Release|Any CPU
		{2F0EFB15-C175-49A4-AEDE-588B742F4453}.Ad-Hoc|x64.Build.0 = Release|Any CPU
		{2F0EFB15-C175-49A4-AEDE-588B742F4453}.Ad-Hoc|x86.ActiveCfg = Release|Any CPU
		{2F0EFB15-C175-49A4-AEDE-588B742F4453}.Ad-Hoc|x86.Build.0 = Release|Any CPU
		{2F0EFB15-C175-49A4-AEDE-588B742F4453}.AppStore|Any CPU.ActiveCfg = Release|Any CPU
		{2F0EFB15-C175-49A4-AEDE-588B742F4453}.AppStore|Any CPU.Build.0 = Release|Any CPU
		{2F0EFB15-C175-49A4-AEDE-588B742F4453}.AppStore|ARM.ActiveCfg = Release|Any CPU
		{2F0EFB15-C175-49A4-AEDE-588B742F4453}.AppStore|ARM.Build.0 = Release|Any CPU
		{2F0EFB15-C175-49A4-AEDE-588B742F4453}.AppStore|iPhone.ActiveCfg = Release|Any CPU
		{2F0EFB15-C175-49A4-AEDE-588B742F4453}.AppStore|iPhone.Build.0 = Release|Any CPU
		{2F0EFB15-C175-49A4-AEDE-588B742F4453}.AppStore|iPhoneSimulator.ActiveCfg = Release|Any CPU
		{2F0EFB15-C175-49A4-AEDE-588B742F4453}.AppStore|iPhoneSimulator.Build.0 = Release|Any CPU
		{2F0EFB15-C175-49A4-AEDE-588B742F4453}.AppStore|x64.ActiveCfg = Release|Any CPU
		{2F0EFB15-C175-49A4-AEDE-588B742F4453}.AppStore|x64.Build.0 = Release|Any CPU
		{2F0EFB15-C175-49A4-AEDE-588B742F4453}.AppStore|x86.ActiveCfg = Release|Any CPU
		{2F0EFB15-C175-49A4-AEDE-588B742F4453}.AppStore|x86.Build.0 = Release|Any CPU
		{2F0EFB15-C175-49A4-AEDE-588B742F4453}.Debug|Any CPU.ActiveCfg = Debug|Any CPU
		{2F0EFB15-C175-49A4-AEDE-588B742F4453}.Debug|Any CPU.Build.0 = Debug|Any CPU
		{2F0EFB15-C175-49A4-AEDE-588B742F4453}.Debug|ARM.ActiveCfg = Debug|Any CPU
		{2F0EFB15-C175-49A4-AEDE-588B742F4453}.Debug|ARM.Build.0 = Debug|Any CPU
		{2F0EFB15-C175-49A4-AEDE-588B742F4453}.Debug|iPhone.ActiveCfg = Debug|Any CPU
		{2F0EFB15-C175-49A4-AEDE-588B742F4453}.Debug|iPhone.Build.0 = Debug|Any CPU
		{2F0EFB15-C175-49A4-AEDE-588B742F4453}.Debug|iPhoneSimulator.ActiveCfg = Debug|Any CPU
		{2F0EFB15-C175-49A4-AEDE-588B742F4453}.Debug|iPhoneSimulator.Build.0 = Debug|Any CPU
		{2F0EFB15-C175-49A4-AEDE-588B742F4453}.Debug|x64.ActiveCfg = Debug|Any CPU
		{2F0EFB15-C175-49A4-AEDE-588B742F4453}.Debug|x64.Build.0 = Debug|Any CPU
		{2F0EFB15-C175-49A4-AEDE-588B742F4453}.Debug|x86.ActiveCfg = Debug|Any CPU
		{2F0EFB15-C175-49A4-AEDE-588B742F4453}.Debug|x86.Build.0 = Debug|Any CPU
		{2F0EFB15-C175-49A4-AEDE-588B742F4453}.Release|Any CPU.ActiveCfg = Release|Any CPU
		{2F0EFB15-C175-49A4-AEDE-588B742F4453}.Release|Any CPU.Build.0 = Release|Any CPU
		{2F0EFB15-C175-49A4-AEDE-588B742F4453}.Release|ARM.ActiveCfg = Release|Any CPU
		{2F0EFB15-C175-49A4-AEDE-588B742F4453}.Release|ARM.Build.0 = Release|Any CPU
		{2F0EFB15-C175-49A4-AEDE-588B742F4453}.Release|iPhone.ActiveCfg = Release|Any CPU
		{2F0EFB15-C175-49A4-AEDE-588B742F4453}.Release|iPhone.Build.0 = Release|Any CPU
		{2F0EFB15-C175-49A4-AEDE-588B742F4453}.Release|iPhoneSimulator.ActiveCfg = Release|Any CPU
		{2F0EFB15-C175-49A4-AEDE-588B742F4453}.Release|iPhoneSimulator.Build.0 = Release|Any CPU
		{2F0EFB15-C175-49A4-AEDE-588B742F4453}.Release|x64.ActiveCfg = Release|Any CPU
		{2F0EFB15-C175-49A4-AEDE-588B742F4453}.Release|x64.Build.0 = Release|Any CPU
		{2F0EFB15-C175-49A4-AEDE-588B742F4453}.Release|x86.ActiveCfg = Release|Any CPU
		{2F0EFB15-C175-49A4-AEDE-588B742F4453}.Release|x86.Build.0 = Release|Any CPU
		{ACAF347C-6B88-4A40-8965-E0C7439C28AC}.Ad-Hoc|Any CPU.ActiveCfg = Release|Any CPU
		{ACAF347C-6B88-4A40-8965-E0C7439C28AC}.Ad-Hoc|Any CPU.Build.0 = Release|Any CPU
		{ACAF347C-6B88-4A40-8965-E0C7439C28AC}.Ad-Hoc|ARM.ActiveCfg = Release|Any CPU
		{ACAF347C-6B88-4A40-8965-E0C7439C28AC}.Ad-Hoc|ARM.Build.0 = Release|Any CPU
		{ACAF347C-6B88-4A40-8965-E0C7439C28AC}.Ad-Hoc|iPhone.ActiveCfg = Release|Any CPU
		{ACAF347C-6B88-4A40-8965-E0C7439C28AC}.Ad-Hoc|iPhone.Build.0 = Release|Any CPU
		{ACAF347C-6B88-4A40-8965-E0C7439C28AC}.Ad-Hoc|iPhoneSimulator.ActiveCfg = Release|Any CPU
		{ACAF347C-6B88-4A40-8965-E0C7439C28AC}.Ad-Hoc|iPhoneSimulator.Build.0 = Release|Any CPU
		{ACAF347C-6B88-4A40-8965-E0C7439C28AC}.Ad-Hoc|x64.ActiveCfg = Release|Any CPU
		{ACAF347C-6B88-4A40-8965-E0C7439C28AC}.Ad-Hoc|x64.Build.0 = Release|Any CPU
		{ACAF347C-6B88-4A40-8965-E0C7439C28AC}.Ad-Hoc|x86.ActiveCfg = Release|Any CPU
		{ACAF347C-6B88-4A40-8965-E0C7439C28AC}.Ad-Hoc|x86.Build.0 = Release|Any CPU
		{ACAF347C-6B88-4A40-8965-E0C7439C28AC}.AppStore|Any CPU.ActiveCfg = Release|Any CPU
		{ACAF347C-6B88-4A40-8965-E0C7439C28AC}.AppStore|Any CPU.Build.0 = Release|Any CPU
		{ACAF347C-6B88-4A40-8965-E0C7439C28AC}.AppStore|ARM.ActiveCfg = Release|Any CPU
		{ACAF347C-6B88-4A40-8965-E0C7439C28AC}.AppStore|ARM.Build.0 = Release|Any CPU
		{ACAF347C-6B88-4A40-8965-E0C7439C28AC}.AppStore|iPhone.ActiveCfg = Release|Any CPU
		{ACAF347C-6B88-4A40-8965-E0C7439C28AC}.AppStore|iPhone.Build.0 = Release|Any CPU
		{ACAF347C-6B88-4A40-8965-E0C7439C28AC}.AppStore|iPhoneSimulator.ActiveCfg = Release|Any CPU
		{ACAF347C-6B88-4A40-8965-E0C7439C28AC}.AppStore|iPhoneSimulator.Build.0 = Release|Any CPU
		{ACAF347C-6B88-4A40-8965-E0C7439C28AC}.AppStore|x64.ActiveCfg = Release|Any CPU
		{ACAF347C-6B88-4A40-8965-E0C7439C28AC}.AppStore|x64.Build.0 = Release|Any CPU
		{ACAF347C-6B88-4A40-8965-E0C7439C28AC}.AppStore|x86.ActiveCfg = Release|Any CPU
		{ACAF347C-6B88-4A40-8965-E0C7439C28AC}.AppStore|x86.Build.0 = Release|Any CPU
		{ACAF347C-6B88-4A40-8965-E0C7439C28AC}.Debug|Any CPU.ActiveCfg = Debug|Any CPU
		{ACAF347C-6B88-4A40-8965-E0C7439C28AC}.Debug|Any CPU.Build.0 = Debug|Any CPU
		{ACAF347C-6B88-4A40-8965-E0C7439C28AC}.Debug|ARM.ActiveCfg = Debug|Any CPU
		{ACAF347C-6B88-4A40-8965-E0C7439C28AC}.Debug|ARM.Build.0 = Debug|Any CPU
		{ACAF347C-6B88-4A40-8965-E0C7439C28AC}.Debug|iPhone.ActiveCfg = Debug|Any CPU
		{ACAF347C-6B88-4A40-8965-E0C7439C28AC}.Debug|iPhone.Build.0 = Debug|Any CPU
		{ACAF347C-6B88-4A40-8965-E0C7439C28AC}.Debug|iPhoneSimulator.ActiveCfg = Debug|Any CPU
		{ACAF347C-6B88-4A40-8965-E0C7439C28AC}.Debug|iPhoneSimulator.Build.0 = Debug|Any CPU
		{ACAF347C-6B88-4A40-8965-E0C7439C28AC}.Debug|x64.ActiveCfg = Debug|Any CPU
		{ACAF347C-6B88-4A40-8965-E0C7439C28AC}.Debug|x64.Build.0 = Debug|Any CPU
		{ACAF347C-6B88-4A40-8965-E0C7439C28AC}.Debug|x86.ActiveCfg = Debug|Any CPU
		{ACAF347C-6B88-4A40-8965-E0C7439C28AC}.Debug|x86.Build.0 = Debug|Any CPU
		{ACAF347C-6B88-4A40-8965-E0C7439C28AC}.Release|Any CPU.ActiveCfg = Release|Any CPU
		{ACAF347C-6B88-4A40-8965-E0C7439C28AC}.Release|Any CPU.Build.0 = Release|Any CPU
		{ACAF347C-6B88-4A40-8965-E0C7439C28AC}.Release|ARM.ActiveCfg = Release|Any CPU
		{ACAF347C-6B88-4A40-8965-E0C7439C28AC}.Release|ARM.Build.0 = Release|Any CPU
		{ACAF347C-6B88-4A40-8965-E0C7439C28AC}.Release|iPhone.ActiveCfg = Release|Any CPU
		{ACAF347C-6B88-4A40-8965-E0C7439C28AC}.Release|iPhone.Build.0 = Release|Any CPU
		{ACAF347C-6B88-4A40-8965-E0C7439C28AC}.Release|iPhoneSimulator.ActiveCfg = Release|Any CPU
		{ACAF347C-6B88-4A40-8965-E0C7439C28AC}.Release|iPhoneSimulator.Build.0 = Release|Any CPU
		{ACAF347C-6B88-4A40-8965-E0C7439C28AC}.Release|x64.ActiveCfg = Release|Any CPU
		{ACAF347C-6B88-4A40-8965-E0C7439C28AC}.Release|x64.Build.0 = Release|Any CPU
		{ACAF347C-6B88-4A40-8965-E0C7439C28AC}.Release|x86.ActiveCfg = Release|Any CPU
		{ACAF347C-6B88-4A40-8965-E0C7439C28AC}.Release|x86.Build.0 = Release|Any CPU
		{6AA5B713-A97B-4694-99BB-2A1C15681822}.Ad-Hoc|Any CPU.ActiveCfg = Release|Any CPU
		{6AA5B713-A97B-4694-99BB-2A1C15681822}.Ad-Hoc|Any CPU.Build.0 = Release|Any CPU
		{6AA5B713-A97B-4694-99BB-2A1C15681822}.Ad-Hoc|Any CPU.Deploy.0 = Release|Any CPU
		{6AA5B713-A97B-4694-99BB-2A1C15681822}.Ad-Hoc|ARM.ActiveCfg = Release|Any CPU
		{6AA5B713-A97B-4694-99BB-2A1C15681822}.Ad-Hoc|ARM.Build.0 = Release|Any CPU
		{6AA5B713-A97B-4694-99BB-2A1C15681822}.Ad-Hoc|ARM.Deploy.0 = Release|Any CPU
		{6AA5B713-A97B-4694-99BB-2A1C15681822}.Ad-Hoc|iPhone.ActiveCfg = Release|Any CPU
		{6AA5B713-A97B-4694-99BB-2A1C15681822}.Ad-Hoc|iPhone.Build.0 = Release|Any CPU
		{6AA5B713-A97B-4694-99BB-2A1C15681822}.Ad-Hoc|iPhone.Deploy.0 = Release|Any CPU
		{6AA5B713-A97B-4694-99BB-2A1C15681822}.Ad-Hoc|iPhoneSimulator.ActiveCfg = Release|Any CPU
		{6AA5B713-A97B-4694-99BB-2A1C15681822}.Ad-Hoc|iPhoneSimulator.Build.0 = Release|Any CPU
		{6AA5B713-A97B-4694-99BB-2A1C15681822}.Ad-Hoc|iPhoneSimulator.Deploy.0 = Release|Any CPU
		{6AA5B713-A97B-4694-99BB-2A1C15681822}.Ad-Hoc|x64.ActiveCfg = Release|Any CPU
		{6AA5B713-A97B-4694-99BB-2A1C15681822}.Ad-Hoc|x64.Build.0 = Release|Any CPU
		{6AA5B713-A97B-4694-99BB-2A1C15681822}.Ad-Hoc|x64.Deploy.0 = Release|Any CPU
		{6AA5B713-A97B-4694-99BB-2A1C15681822}.Ad-Hoc|x86.ActiveCfg = Release|Any CPU
		{6AA5B713-A97B-4694-99BB-2A1C15681822}.Ad-Hoc|x86.Build.0 = Release|Any CPU
		{6AA5B713-A97B-4694-99BB-2A1C15681822}.Ad-Hoc|x86.Deploy.0 = Release|Any CPU
		{6AA5B713-A97B-4694-99BB-2A1C15681822}.AppStore|Any CPU.ActiveCfg = Release|Any CPU
		{6AA5B713-A97B-4694-99BB-2A1C15681822}.AppStore|Any CPU.Build.0 = Release|Any CPU
		{6AA5B713-A97B-4694-99BB-2A1C15681822}.AppStore|Any CPU.Deploy.0 = Release|Any CPU
		{6AA5B713-A97B-4694-99BB-2A1C15681822}.AppStore|ARM.ActiveCfg = Release|Any CPU
		{6AA5B713-A97B-4694-99BB-2A1C15681822}.AppStore|ARM.Build.0 = Release|Any CPU
		{6AA5B713-A97B-4694-99BB-2A1C15681822}.AppStore|ARM.Deploy.0 = Release|Any CPU
		{6AA5B713-A97B-4694-99BB-2A1C15681822}.AppStore|iPhone.ActiveCfg = Release|Any CPU
		{6AA5B713-A97B-4694-99BB-2A1C15681822}.AppStore|iPhone.Build.0 = Release|Any CPU
		{6AA5B713-A97B-4694-99BB-2A1C15681822}.AppStore|iPhone.Deploy.0 = Release|Any CPU
		{6AA5B713-A97B-4694-99BB-2A1C15681822}.AppStore|iPhoneSimulator.ActiveCfg = Release|Any CPU
		{6AA5B713-A97B-4694-99BB-2A1C15681822}.AppStore|iPhoneSimulator.Build.0 = Release|Any CPU
		{6AA5B713-A97B-4694-99BB-2A1C15681822}.AppStore|iPhoneSimulator.Deploy.0 = Release|Any CPU
		{6AA5B713-A97B-4694-99BB-2A1C15681822}.AppStore|x64.ActiveCfg = Release|Any CPU
		{6AA5B713-A97B-4694-99BB-2A1C15681822}.AppStore|x64.Build.0 = Release|Any CPU
		{6AA5B713-A97B-4694-99BB-2A1C15681822}.AppStore|x64.Deploy.0 = Release|Any CPU
		{6AA5B713-A97B-4694-99BB-2A1C15681822}.AppStore|x86.ActiveCfg = Release|Any CPU
		{6AA5B713-A97B-4694-99BB-2A1C15681822}.AppStore|x86.Build.0 = Release|Any CPU
		{6AA5B713-A97B-4694-99BB-2A1C15681822}.AppStore|x86.Deploy.0 = Release|Any CPU
		{6AA5B713-A97B-4694-99BB-2A1C15681822}.Debug|Any CPU.ActiveCfg = Debug|Any CPU
		{6AA5B713-A97B-4694-99BB-2A1C15681822}.Debug|Any CPU.Build.0 = Debug|Any CPU
		{6AA5B713-A97B-4694-99BB-2A1C15681822}.Debug|Any CPU.Deploy.0 = Debug|Any CPU
		{6AA5B713-A97B-4694-99BB-2A1C15681822}.Debug|ARM.ActiveCfg = Debug|Any CPU
		{6AA5B713-A97B-4694-99BB-2A1C15681822}.Debug|ARM.Build.0 = Debug|Any CPU
		{6AA5B713-A97B-4694-99BB-2A1C15681822}.Debug|ARM.Deploy.0 = Debug|Any CPU
		{6AA5B713-A97B-4694-99BB-2A1C15681822}.Debug|iPhone.ActiveCfg = Debug|Any CPU
		{6AA5B713-A97B-4694-99BB-2A1C15681822}.Debug|iPhone.Build.0 = Debug|Any CPU
		{6AA5B713-A97B-4694-99BB-2A1C15681822}.Debug|iPhone.Deploy.0 = Debug|Any CPU
		{6AA5B713-A97B-4694-99BB-2A1C15681822}.Debug|iPhoneSimulator.ActiveCfg = Debug|Any CPU
		{6AA5B713-A97B-4694-99BB-2A1C15681822}.Debug|iPhoneSimulator.Build.0 = Debug|Any CPU
		{6AA5B713-A97B-4694-99BB-2A1C15681822}.Debug|iPhoneSimulator.Deploy.0 = Debug|Any CPU
		{6AA5B713-A97B-4694-99BB-2A1C15681822}.Debug|x64.ActiveCfg = Debug|Any CPU
		{6AA5B713-A97B-4694-99BB-2A1C15681822}.Debug|x64.Build.0 = Debug|Any CPU
		{6AA5B713-A97B-4694-99BB-2A1C15681822}.Debug|x64.Deploy.0 = Debug|Any CPU
		{6AA5B713-A97B-4694-99BB-2A1C15681822}.Debug|x86.ActiveCfg = Debug|Any CPU
		{6AA5B713-A97B-4694-99BB-2A1C15681822}.Debug|x86.Build.0 = Debug|Any CPU
		{6AA5B713-A97B-4694-99BB-2A1C15681822}.Debug|x86.Deploy.0 = Debug|Any CPU
		{6AA5B713-A97B-4694-99BB-2A1C15681822}.Release|Any CPU.ActiveCfg = Release|Any CPU
		{6AA5B713-A97B-4694-99BB-2A1C15681822}.Release|Any CPU.Build.0 = Release|Any CPU
		{6AA5B713-A97B-4694-99BB-2A1C15681822}.Release|Any CPU.Deploy.0 = Release|Any CPU
		{6AA5B713-A97B-4694-99BB-2A1C15681822}.Release|ARM.ActiveCfg = Release|Any CPU
		{6AA5B713-A97B-4694-99BB-2A1C15681822}.Release|ARM.Build.0 = Release|Any CPU
		{6AA5B713-A97B-4694-99BB-2A1C15681822}.Release|ARM.Deploy.0 = Release|Any CPU
		{6AA5B713-A97B-4694-99BB-2A1C15681822}.Release|iPhone.ActiveCfg = Release|Any CPU
		{6AA5B713-A97B-4694-99BB-2A1C15681822}.Release|iPhone.Build.0 = Release|Any CPU
		{6AA5B713-A97B-4694-99BB-2A1C15681822}.Release|iPhone.Deploy.0 = Release|Any CPU
		{6AA5B713-A97B-4694-99BB-2A1C15681822}.Release|iPhoneSimulator.ActiveCfg = Release|Any CPU
		{6AA5B713-A97B-4694-99BB-2A1C15681822}.Release|iPhoneSimulator.Build.0 = Release|Any CPU
		{6AA5B713-A97B-4694-99BB-2A1C15681822}.Release|iPhoneSimulator.Deploy.0 = Release|Any CPU
		{6AA5B713-A97B-4694-99BB-2A1C15681822}.Release|x64.ActiveCfg = Release|Any CPU
		{6AA5B713-A97B-4694-99BB-2A1C15681822}.Release|x64.Build.0 = Release|Any CPU
		{6AA5B713-A97B-4694-99BB-2A1C15681822}.Release|x64.Deploy.0 = Release|Any CPU
		{6AA5B713-A97B-4694-99BB-2A1C15681822}.Release|x86.ActiveCfg = Release|Any CPU
		{6AA5B713-A97B-4694-99BB-2A1C15681822}.Release|x86.Build.0 = Release|Any CPU
		{6AA5B713-A97B-4694-99BB-2A1C15681822}.Release|x86.Deploy.0 = Release|Any CPU
		{1228DCD4-BDB4-46C1-9E96-4AC936187650}.Ad-Hoc|Any CPU.ActiveCfg = Release|Any CPU
		{1228DCD4-BDB4-46C1-9E96-4AC936187650}.Ad-Hoc|Any CPU.Build.0 = Release|Any CPU
		{1228DCD4-BDB4-46C1-9E96-4AC936187650}.Ad-Hoc|ARM.ActiveCfg = Release|Any CPU
		{1228DCD4-BDB4-46C1-9E96-4AC936187650}.Ad-Hoc|ARM.Build.0 = Release|Any CPU
		{1228DCD4-BDB4-46C1-9E96-4AC936187650}.Ad-Hoc|iPhone.ActiveCfg = Release|Any CPU
		{1228DCD4-BDB4-46C1-9E96-4AC936187650}.Ad-Hoc|iPhone.Build.0 = Release|Any CPU
		{1228DCD4-BDB4-46C1-9E96-4AC936187650}.Ad-Hoc|iPhoneSimulator.ActiveCfg = Release|Any CPU
		{1228DCD4-BDB4-46C1-9E96-4AC936187650}.Ad-Hoc|iPhoneSimulator.Build.0 = Release|Any CPU
		{1228DCD4-BDB4-46C1-9E96-4AC936187650}.Ad-Hoc|x64.ActiveCfg = Release|Any CPU
		{1228DCD4-BDB4-46C1-9E96-4AC936187650}.Ad-Hoc|x64.Build.0 = Release|Any CPU
		{1228DCD4-BDB4-46C1-9E96-4AC936187650}.Ad-Hoc|x86.ActiveCfg = Release|Any CPU
		{1228DCD4-BDB4-46C1-9E96-4AC936187650}.Ad-Hoc|x86.Build.0 = Release|Any CPU
		{1228DCD4-BDB4-46C1-9E96-4AC936187650}.AppStore|Any CPU.ActiveCfg = Release|Any CPU
		{1228DCD4-BDB4-46C1-9E96-4AC936187650}.AppStore|Any CPU.Build.0 = Release|Any CPU
		{1228DCD4-BDB4-46C1-9E96-4AC936187650}.AppStore|ARM.ActiveCfg = Release|Any CPU
		{1228DCD4-BDB4-46C1-9E96-4AC936187650}.AppStore|ARM.Build.0 = Release|Any CPU
		{1228DCD4-BDB4-46C1-9E96-4AC936187650}.AppStore|iPhone.ActiveCfg = Release|Any CPU
		{1228DCD4-BDB4-46C1-9E96-4AC936187650}.AppStore|iPhone.Build.0 = Release|Any CPU
		{1228DCD4-BDB4-46C1-9E96-4AC936187650}.AppStore|iPhoneSimulator.ActiveCfg = Release|Any CPU
		{1228DCD4-BDB4-46C1-9E96-4AC936187650}.AppStore|iPhoneSimulator.Build.0 = Release|Any CPU
		{1228DCD4-BDB4-46C1-9E96-4AC936187650}.AppStore|x64.ActiveCfg = Release|Any CPU
		{1228DCD4-BDB4-46C1-9E96-4AC936187650}.AppStore|x64.Build.0 = Release|Any CPU
		{1228DCD4-BDB4-46C1-9E96-4AC936187650}.AppStore|x86.ActiveCfg = Release|Any CPU
		{1228DCD4-BDB4-46C1-9E96-4AC936187650}.AppStore|x86.Build.0 = Release|Any CPU
		{1228DCD4-BDB4-46C1-9E96-4AC936187650}.Debug|Any CPU.ActiveCfg = Debug|Any CPU
		{1228DCD4-BDB4-46C1-9E96-4AC936187650}.Debug|Any CPU.Build.0 = Debug|Any CPU
		{1228DCD4-BDB4-46C1-9E96-4AC936187650}.Debug|ARM.ActiveCfg = Debug|Any CPU
		{1228DCD4-BDB4-46C1-9E96-4AC936187650}.Debug|ARM.Build.0 = Debug|Any CPU
		{1228DCD4-BDB4-46C1-9E96-4AC936187650}.Debug|iPhone.ActiveCfg = Debug|Any CPU
		{1228DCD4-BDB4-46C1-9E96-4AC936187650}.Debug|iPhone.Build.0 = Debug|Any CPU
		{1228DCD4-BDB4-46C1-9E96-4AC936187650}.Debug|iPhoneSimulator.ActiveCfg = Debug|Any CPU
		{1228DCD4-BDB4-46C1-9E96-4AC936187650}.Debug|iPhoneSimulator.Build.0 = Debug|Any CPU
		{1228DCD4-BDB4-46C1-9E96-4AC936187650}.Debug|x64.ActiveCfg = Debug|Any CPU
		{1228DCD4-BDB4-46C1-9E96-4AC936187650}.Debug|x64.Build.0 = Debug|Any CPU
		{1228DCD4-BDB4-46C1-9E96-4AC936187650}.Debug|x86.ActiveCfg = Debug|Any CPU
		{1228DCD4-BDB4-46C1-9E96-4AC936187650}.Debug|x86.Build.0 = Debug|Any CPU
		{1228DCD4-BDB4-46C1-9E96-4AC936187650}.Release|Any CPU.ActiveCfg = Release|Any CPU
		{1228DCD4-BDB4-46C1-9E96-4AC936187650}.Release|Any CPU.Build.0 = Release|Any CPU
		{1228DCD4-BDB4-46C1-9E96-4AC936187650}.Release|ARM.ActiveCfg = Release|Any CPU
		{1228DCD4-BDB4-46C1-9E96-4AC936187650}.Release|ARM.Build.0 = Release|Any CPU
		{1228DCD4-BDB4-46C1-9E96-4AC936187650}.Release|iPhone.ActiveCfg = Release|Any CPU
		{1228DCD4-BDB4-46C1-9E96-4AC936187650}.Release|iPhone.Build.0 = Release|Any CPU
		{1228DCD4-BDB4-46C1-9E96-4AC936187650}.Release|iPhoneSimulator.ActiveCfg = Release|Any CPU
		{1228DCD4-BDB4-46C1-9E96-4AC936187650}.Release|iPhoneSimulator.Build.0 = Release|Any CPU
		{1228DCD4-BDB4-46C1-9E96-4AC936187650}.Release|x64.ActiveCfg = Release|Any CPU
		{1228DCD4-BDB4-46C1-9E96-4AC936187650}.Release|x64.Build.0 = Release|Any CPU
		{1228DCD4-BDB4-46C1-9E96-4AC936187650}.Release|x86.ActiveCfg = Release|Any CPU
		{1228DCD4-BDB4-46C1-9E96-4AC936187650}.Release|x86.Build.0 = Release|Any CPU
		{C2B0D958-DAEF-4A07-9220-D02B88271FCE}.Ad-Hoc|Any CPU.ActiveCfg = Release|x86
		{C2B0D958-DAEF-4A07-9220-D02B88271FCE}.Ad-Hoc|Any CPU.Build.0 = Release|x86
		{C2B0D958-DAEF-4A07-9220-D02B88271FCE}.Ad-Hoc|Any CPU.Deploy.0 = Release|x86
		{C2B0D958-DAEF-4A07-9220-D02B88271FCE}.Ad-Hoc|ARM.ActiveCfg = Release|ARM
		{C2B0D958-DAEF-4A07-9220-D02B88271FCE}.Ad-Hoc|ARM.Build.0 = Release|ARM
		{C2B0D958-DAEF-4A07-9220-D02B88271FCE}.Ad-Hoc|ARM.Deploy.0 = Release|ARM
		{C2B0D958-DAEF-4A07-9220-D02B88271FCE}.Ad-Hoc|iPhone.ActiveCfg = Release|x86
		{C2B0D958-DAEF-4A07-9220-D02B88271FCE}.Ad-Hoc|iPhone.Build.0 = Release|x86
		{C2B0D958-DAEF-4A07-9220-D02B88271FCE}.Ad-Hoc|iPhone.Deploy.0 = Release|x86
		{C2B0D958-DAEF-4A07-9220-D02B88271FCE}.Ad-Hoc|iPhoneSimulator.ActiveCfg = Release|x86
		{C2B0D958-DAEF-4A07-9220-D02B88271FCE}.Ad-Hoc|iPhoneSimulator.Build.0 = Release|x86
		{C2B0D958-DAEF-4A07-9220-D02B88271FCE}.Ad-Hoc|iPhoneSimulator.Deploy.0 = Release|x86
		{C2B0D958-DAEF-4A07-9220-D02B88271FCE}.Ad-Hoc|x64.ActiveCfg = Release|x64
		{C2B0D958-DAEF-4A07-9220-D02B88271FCE}.Ad-Hoc|x64.Build.0 = Release|x64
		{C2B0D958-DAEF-4A07-9220-D02B88271FCE}.Ad-Hoc|x64.Deploy.0 = Release|x64
		{C2B0D958-DAEF-4A07-9220-D02B88271FCE}.Ad-Hoc|x86.ActiveCfg = Release|x86
		{C2B0D958-DAEF-4A07-9220-D02B88271FCE}.Ad-Hoc|x86.Build.0 = Release|x86
		{C2B0D958-DAEF-4A07-9220-D02B88271FCE}.Ad-Hoc|x86.Deploy.0 = Release|x86
		{C2B0D958-DAEF-4A07-9220-D02B88271FCE}.AppStore|Any CPU.ActiveCfg = Release|x86
		{C2B0D958-DAEF-4A07-9220-D02B88271FCE}.AppStore|Any CPU.Build.0 = Release|x86
		{C2B0D958-DAEF-4A07-9220-D02B88271FCE}.AppStore|Any CPU.Deploy.0 = Release|x86
		{C2B0D958-DAEF-4A07-9220-D02B88271FCE}.AppStore|ARM.ActiveCfg = Release|ARM
		{C2B0D958-DAEF-4A07-9220-D02B88271FCE}.AppStore|ARM.Build.0 = Release|ARM
		{C2B0D958-DAEF-4A07-9220-D02B88271FCE}.AppStore|ARM.Deploy.0 = Release|ARM
		{C2B0D958-DAEF-4A07-9220-D02B88271FCE}.AppStore|iPhone.ActiveCfg = Release|x86
		{C2B0D958-DAEF-4A07-9220-D02B88271FCE}.AppStore|iPhone.Build.0 = Release|x86
		{C2B0D958-DAEF-4A07-9220-D02B88271FCE}.AppStore|iPhone.Deploy.0 = Release|x86
		{C2B0D958-DAEF-4A07-9220-D02B88271FCE}.AppStore|iPhoneSimulator.ActiveCfg = Release|x86
		{C2B0D958-DAEF-4A07-9220-D02B88271FCE}.AppStore|iPhoneSimulator.Build.0 = Release|x86
		{C2B0D958-DAEF-4A07-9220-D02B88271FCE}.AppStore|iPhoneSimulator.Deploy.0 = Release|x86
		{C2B0D958-DAEF-4A07-9220-D02B88271FCE}.AppStore|x64.ActiveCfg = Release|x64
		{C2B0D958-DAEF-4A07-9220-D02B88271FCE}.AppStore|x64.Build.0 = Release|x64
		{C2B0D958-DAEF-4A07-9220-D02B88271FCE}.AppStore|x64.Deploy.0 = Release|x64
		{C2B0D958-DAEF-4A07-9220-D02B88271FCE}.AppStore|x86.ActiveCfg = Release|x86
		{C2B0D958-DAEF-4A07-9220-D02B88271FCE}.AppStore|x86.Build.0 = Release|x86
		{C2B0D958-DAEF-4A07-9220-D02B88271FCE}.AppStore|x86.Deploy.0 = Release|x86
		{C2B0D958-DAEF-4A07-9220-D02B88271FCE}.Debug|Any CPU.ActiveCfg = Debug|x86
		{C2B0D958-DAEF-4A07-9220-D02B88271FCE}.Debug|ARM.ActiveCfg = Debug|ARM
		{C2B0D958-DAEF-4A07-9220-D02B88271FCE}.Debug|ARM.Build.0 = Debug|ARM
		{C2B0D958-DAEF-4A07-9220-D02B88271FCE}.Debug|ARM.Deploy.0 = Debug|ARM
		{C2B0D958-DAEF-4A07-9220-D02B88271FCE}.Debug|iPhone.ActiveCfg = Debug|x86
		{C2B0D958-DAEF-4A07-9220-D02B88271FCE}.Debug|iPhoneSimulator.ActiveCfg = Debug|x86
		{C2B0D958-DAEF-4A07-9220-D02B88271FCE}.Debug|x64.ActiveCfg = Debug|x64
		{C2B0D958-DAEF-4A07-9220-D02B88271FCE}.Debug|x64.Build.0 = Debug|x64
		{C2B0D958-DAEF-4A07-9220-D02B88271FCE}.Debug|x64.Deploy.0 = Debug|x64
		{C2B0D958-DAEF-4A07-9220-D02B88271FCE}.Debug|x86.ActiveCfg = Debug|x86
		{C2B0D958-DAEF-4A07-9220-D02B88271FCE}.Debug|x86.Build.0 = Debug|x86
		{C2B0D958-DAEF-4A07-9220-D02B88271FCE}.Debug|x86.Deploy.0 = Debug|x86
		{C2B0D958-DAEF-4A07-9220-D02B88271FCE}.Release|Any CPU.ActiveCfg = Release|x86
		{C2B0D958-DAEF-4A07-9220-D02B88271FCE}.Release|ARM.ActiveCfg = Release|ARM
		{C2B0D958-DAEF-4A07-9220-D02B88271FCE}.Release|ARM.Build.0 = Release|ARM
		{C2B0D958-DAEF-4A07-9220-D02B88271FCE}.Release|ARM.Deploy.0 = Release|ARM
		{C2B0D958-DAEF-4A07-9220-D02B88271FCE}.Release|iPhone.ActiveCfg = Release|x86
		{C2B0D958-DAEF-4A07-9220-D02B88271FCE}.Release|iPhoneSimulator.ActiveCfg = Release|x86
		{C2B0D958-DAEF-4A07-9220-D02B88271FCE}.Release|x64.ActiveCfg = Release|x64
		{C2B0D958-DAEF-4A07-9220-D02B88271FCE}.Release|x64.Build.0 = Release|x64
		{C2B0D958-DAEF-4A07-9220-D02B88271FCE}.Release|x64.Deploy.0 = Release|x64
		{C2B0D958-DAEF-4A07-9220-D02B88271FCE}.Release|x86.ActiveCfg = Release|x86
		{C2B0D958-DAEF-4A07-9220-D02B88271FCE}.Release|x86.Build.0 = Release|x86
		{C2B0D958-DAEF-4A07-9220-D02B88271FCE}.Release|x86.Deploy.0 = Release|x86
		{F00F5B8A-3837-4336-9AEA-3A1A66A501C4}.Ad-Hoc|Any CPU.ActiveCfg = Ad-Hoc|iPhone
		{F00F5B8A-3837-4336-9AEA-3A1A66A501C4}.Ad-Hoc|ARM.ActiveCfg = Ad-Hoc|iPhone
		{F00F5B8A-3837-4336-9AEA-3A1A66A501C4}.Ad-Hoc|iPhone.ActiveCfg = Ad-Hoc|iPhone
		{F00F5B8A-3837-4336-9AEA-3A1A66A501C4}.Ad-Hoc|iPhone.Build.0 = Ad-Hoc|iPhone
		{F00F5B8A-3837-4336-9AEA-3A1A66A501C4}.Ad-Hoc|iPhoneSimulator.ActiveCfg = Ad-Hoc|iPhoneSimulator
		{F00F5B8A-3837-4336-9AEA-3A1A66A501C4}.Ad-Hoc|iPhoneSimulator.Build.0 = Ad-Hoc|iPhoneSimulator
		{F00F5B8A-3837-4336-9AEA-3A1A66A501C4}.Ad-Hoc|x64.ActiveCfg = Ad-Hoc|iPhone
		{F00F5B8A-3837-4336-9AEA-3A1A66A501C4}.Ad-Hoc|x86.ActiveCfg = Ad-Hoc|iPhone
		{F00F5B8A-3837-4336-9AEA-3A1A66A501C4}.AppStore|Any CPU.ActiveCfg = AppStore|iPhone
		{F00F5B8A-3837-4336-9AEA-3A1A66A501C4}.AppStore|ARM.ActiveCfg = AppStore|iPhone
		{F00F5B8A-3837-4336-9AEA-3A1A66A501C4}.AppStore|iPhone.ActiveCfg = AppStore|iPhone
		{F00F5B8A-3837-4336-9AEA-3A1A66A501C4}.AppStore|iPhone.Build.0 = AppStore|iPhone
		{F00F5B8A-3837-4336-9AEA-3A1A66A501C4}.AppStore|iPhoneSimulator.ActiveCfg = AppStore|iPhoneSimulator
		{F00F5B8A-3837-4336-9AEA-3A1A66A501C4}.AppStore|iPhoneSimulator.Build.0 = AppStore|iPhoneSimulator
		{F00F5B8A-3837-4336-9AEA-3A1A66A501C4}.AppStore|x64.ActiveCfg = AppStore|iPhone
		{F00F5B8A-3837-4336-9AEA-3A1A66A501C4}.AppStore|x86.ActiveCfg = AppStore|iPhone
		{F00F5B8A-3837-4336-9AEA-3A1A66A501C4}.Debug|Any CPU.ActiveCfg = Debug|iPhone
		{F00F5B8A-3837-4336-9AEA-3A1A66A501C4}.Debug|ARM.ActiveCfg = Debug|iPhone
		{F00F5B8A-3837-4336-9AEA-3A1A66A501C4}.Debug|iPhone.ActiveCfg = Debug|iPhone
		{F00F5B8A-3837-4336-9AEA-3A1A66A501C4}.Debug|iPhone.Build.0 = Debug|iPhone
		{F00F5B8A-3837-4336-9AEA-3A1A66A501C4}.Debug|iPhoneSimulator.ActiveCfg = Debug|iPhoneSimulator
		{F00F5B8A-3837-4336-9AEA-3A1A66A501C4}.Debug|iPhoneSimulator.Build.0 = Debug|iPhoneSimulator
		{F00F5B8A-3837-4336-9AEA-3A1A66A501C4}.Debug|x64.ActiveCfg = Debug|iPhone
		{F00F5B8A-3837-4336-9AEA-3A1A66A501C4}.Debug|x86.ActiveCfg = Debug|iPhone
		{F00F5B8A-3837-4336-9AEA-3A1A66A501C4}.Release|Any CPU.ActiveCfg = Release|iPhone
		{F00F5B8A-3837-4336-9AEA-3A1A66A501C4}.Release|ARM.ActiveCfg = Release|iPhone
		{F00F5B8A-3837-4336-9AEA-3A1A66A501C4}.Release|iPhone.ActiveCfg = Release|iPhone
		{F00F5B8A-3837-4336-9AEA-3A1A66A501C4}.Release|iPhone.Build.0 = Release|iPhone
		{F00F5B8A-3837-4336-9AEA-3A1A66A501C4}.Release|iPhoneSimulator.ActiveCfg = Release|iPhoneSimulator
		{F00F5B8A-3837-4336-9AEA-3A1A66A501C4}.Release|iPhoneSimulator.Build.0 = Release|iPhoneSimulator
		{F00F5B8A-3837-4336-9AEA-3A1A66A501C4}.Release|x64.ActiveCfg = Release|iPhone
		{F00F5B8A-3837-4336-9AEA-3A1A66A501C4}.Release|x86.ActiveCfg = Release|iPhone
	EndGlobalSection
	GlobalSection(SolutionProperties) = preSolution
		HideSolutionNode = FALSE
	EndGlobalSection
	GlobalSection(NestedProjects) = preSolution
		{EB759F3E-457A-433C-AE8A-72E3EE2BEFD3} = {BE1B585F-9E9F-438C-B26E-F522E89332F7}
		{FD360C3A-EFE4-4885-B901-4EC3ACAD2786} = {E38A7F79-6428-4DEA-B21F-22F795D9D34E}
		{2F0EFB15-C175-49A4-AEDE-588B742F4453} = {BE1B585F-9E9F-438C-B26E-F522E89332F7}
		{ACAF347C-6B88-4A40-8965-E0C7439C28AC} = {60187703-3FF7-42CC-AF02-9287F6363F71}
		{60187703-3FF7-42CC-AF02-9287F6363F71} = {D6281E71-B85A-4736-BA79-EF4509DD2133}
		{E38A7F79-6428-4DEA-B21F-22F795D9D34E} = {D6281E71-B85A-4736-BA79-EF4509DD2133}
		{EF339CD2-7922-424E-B5EF-48E4B15A8C62} = {D6281E71-B85A-4736-BA79-EF4509DD2133}
		{6AA5B713-A97B-4694-99BB-2A1C15681822} = {EF339CD2-7922-424E-B5EF-48E4B15A8C62}
		{1228DCD4-BDB4-46C1-9E96-4AC936187650} = {EF339CD2-7922-424E-B5EF-48E4B15A8C62}
		{C2B0D958-DAEF-4A07-9220-D02B88271FCE} = {EF339CD2-7922-424E-B5EF-48E4B15A8C62}
		{F00F5B8A-3837-4336-9AEA-3A1A66A501C4} = {EF339CD2-7922-424E-B5EF-48E4B15A8C62}
	EndGlobalSection
	GlobalSection(ExtensibilityGlobals) = postSolution
		SolutionGuid = {2138B45B-7386-47DD-AF06-5BB33D12E211}
	EndGlobalSection
EndGlobal
